Microsoft Visual Studio Solution File, Format Version 11.00
# Visual Studio 2010
Project("{FAE04EC0-301F-11D3-BF4B-00C04F79EFBC}") = "DiffCalc", "DiffCalc.csproj", "{CA9B6FA7-9A52-49E9-9387-22C82B0F8962}"
EndProject
Project("{FAE04EC0-301F-11D3-BF4B-00C04F79EFBC}") = "DifferenceEngine", "..\DifferenceEngine\DifferenceEngine.csproj", "{8AE4897A-EA74-49B1-BA55-D892C27AF9C9}"
EndProject
Global
	GlobalSection(SolutionConfigurationPlatforms) = preSolution
		Debug|Any CPU = Debug|Any CPU
		Release|Any CPU = Release|Any CPU
	EndGlobalSection
	GlobalSection(ProjectConfigurationPlatforms) = postSolution
		{CA9B6FA7-9A52-49E9-9387-22C82B0F8962}.Debug|Any CPU.ActiveCfg = Debug|Any CPU
		{CA9B6FA7-9A52-49E9-9387-22C82B0F8962}.Debug|Any CPU.Build.0 = Debug|Any CPU
		{CA9B6FA7-9A52-49E9-9387-22C82B0F8962}.Release|Any CPU.ActiveCfg = Release|Any CPU
		{CA9B6FA7-9A52-49E9-9387-22C82B0F8962}.Release|Any CPU.Build.0 = Release|Any CPU
		{8AE4897A-EA74-49B1-BA55-D892C27AF9C9}.Debug|Any CPU.ActiveCfg = Debug|Any CPU
		{8AE4897A-EA74-49B1-BA55-D892C27AF9C9}.Debug|Any CPU.Build.0 = Debug|Any CPU
		{8AE4897A-EA74-49B1-BA55-D892C27AF9C9}.Release|Any CPU.ActiveCfg = Release|Any CPU
		{8AE4897A-EA74-49B1-BA55-D892C27AF9C9}.Release|Any CPU.Build.0 = Release|Any CPU
	EndGlobalSection
	GlobalSection(SolutionProperties) = preSolution
		HideSolutionNode = FALSE
	EndGlobalSection
EndGlobal
